// !$*UTF8*$!
{
	archiveVersion = 1;
	classes = {
	};
	objectVersion = 56;
	objects = {

/* Begin PBXBuildFile section */
		842F65672BF92F0700F0091A /* Router.swift in Sources */ = {isa = PBXBuildFile; fileRef = 842F65662BF92F0700F0091A /* Router.swift */; };
		842F65692BF9338200F0091A /* PokemonDetailViewModel.swift in Sources */ = {isa = PBXBuildFile; fileRef = 842F65682BF9338200F0091A /* PokemonDetailViewModel.swift */; };
		842F656B2BF9345600F0091A /* PokemonDetailDataModel.swift in Sources */ = {isa = PBXBuildFile; fileRef = 842F656A2BF9345600F0091A /* PokemonDetailDataModel.swift */; };
		842F656D2BF9348B00F0091A /* JSONAny.swift in Sources */ = {isa = PBXBuildFile; fileRef = 842F656C2BF9348B00F0091A /* JSONAny.swift */; };
		842F656F2BF9364900F0091A /* JSONCodingKey.swift in Sources */ = {isa = PBXBuildFile; fileRef = 842F656E2BF9364900F0091A /* JSONCodingKey.swift */; };
		842F65712BF936A500F0091A /* PokemonDetailApi.swift in Sources */ = {isa = PBXBuildFile; fileRef = 842F65702BF936A500F0091A /* PokemonDetailApi.swift */; };
		842F65732BF93C7400F0091A /* PokemonStatView.swift in Sources */ = {isa = PBXBuildFile; fileRef = 842F65722BF93C7400F0091A /* PokemonStatView.swift */; };
		842F65752BF9469500F0091A /* Extensions.swift in Sources */ = {isa = PBXBuildFile; fileRef = 842F65742BF9469500F0091A /* Extensions.swift */; };
		845739322BF11EB000CBF842 /* HomeViewModel.swift in Sources */ = {isa = PBXBuildFile; fileRef = 845739312BF11EB000CBF842 /* HomeViewModel.swift */; };
		845739352BF127FE00CBF842 /* ApiClient.swift in Sources */ = {isa = PBXBuildFile; fileRef = 845739342BF127FE00CBF842 /* ApiClient.swift */; };
		845739372BF12D3D00CBF842 /* PokemonResponseDataModel.swift in Sources */ = {isa = PBXBuildFile; fileRef = 845739362BF12D3D00CBF842 /* PokemonResponseDataModel.swift */; };
		8457393B2BF12E2100CBF842 /* Constansts.swift in Sources */ = {isa = PBXBuildFile; fileRef = 8457393A2BF12E2100CBF842 /* Constansts.swift */; };
		8457393D2BF1356E00CBF842 /* PokemonSelectedApi.swift in Sources */ = {isa = PBXBuildFile; fileRef = 8457393C2BF1356E00CBF842 /* PokemonSelectedApi.swift */; };
		8457393F2BF135BC00CBF842 /* PokemomSelectedModel.swift in Sources */ = {isa = PBXBuildFile; fileRef = 8457393E2BF135BC00CBF842 /* PokemomSelectedModel.swift */; };
		845C2F532BED5ED600F95416 /* PokemonAppApp.swift in Sources */ = {isa = PBXBuildFile; fileRef = 845C2F522BED5ED600F95416 /* PokemonAppApp.swift */; };
		845C2F552BED5ED600F95416 /* ContentView.swift in Sources */ = {isa = PBXBuildFile; fileRef = 845C2F542BED5ED600F95416 /* ContentView.swift */; };
		845C2F572BED5ED700F95416 /* Assets.xcassets in Resources */ = {isa = PBXBuildFile; fileRef = 845C2F562BED5ED700F95416 /* Assets.xcassets */; };
		845C2F5A2BED5ED700F95416 /* Preview Assets.xcassets in Resources */ = {isa = PBXBuildFile; fileRef = 845C2F592BED5ED700F95416 /* Preview Assets.xcassets */; };
		84B1EE1B2BF6A7B2001A07F8 /* PokemonDetailView.swift in Sources */ = {isa = PBXBuildFile; fileRef = 84B1EE1A2BF6A7B2001A07F8 /* PokemonDetailView.swift */; };
		84CD4DAF2BF53B4500312044 /* PokemonCardView.swift in Sources */ = {isa = PBXBuildFile; fileRef = 84CD4DAE2BF53B4500312044 /* PokemonCardView.swift */; };
		84CD4DB12BF54A3800312044 /* PokemonCardViewModel.swift in Sources */ = {isa = PBXBuildFile; fileRef = 84CD4DB02BF54A3800312044 /* PokemonCardViewModel.swift */; };
/* End PBXBuildFile section */

/* Begin PBXFileReference section */
		842F65662BF92F0700F0091A /* Router.swift */ = {isa = PBXFileReference; lastKnownFileType = sourcecode.swift; path = Router.swift; sourceTree = "<group>"; };
		842F65682BF9338200F0091A /* PokemonDetailViewModel.swift */ = {isa = PBXFileReference; lastKnownFileType = sourcecode.swift; path = PokemonDetailViewModel.swift; sourceTree = "<group>"; };
		842F656A2BF9345600F0091A /* PokemonDetailDataModel.swift */ = {isa = PBXFileReference; lastKnownFileType = sourcecode.swift; path = PokemonDetailDataModel.swift; sourceTree = "<group>"; };
		842F656C2BF9348B00F0091A /* JSONAny.swift */ = {isa = PBXFileReference; lastKnownFileType = sourcecode.swift; path = JSONAny.swift; sourceTree = "<group>"; };
		842F656E2BF9364900F0091A /* JSONCodingKey.swift */ = {isa = PBXFileReference; lastKnownFileType = sourcecode.swift; path = JSONCodingKey.swift; sourceTree = "<group>"; };
		842F65702BF936A500F0091A /* PokemonDetailApi.swift */ = {isa = PBXFileReference; lastKnownFileType = sourcecode.swift; path = PokemonDetailApi.swift; sourceTree = "<group>"; };
		842F65722BF93C7400F0091A /* PokemonStatView.swift */ = {isa = PBXFileReference; lastKnownFileType = sourcecode.swift; path = PokemonStatView.swift; sourceTree = "<group>"; };
		842F65742BF9469500F0091A /* Extensions.swift */ = {isa = PBXFileReference; lastKnownFileType = sourcecode.swift; path = Extensions.swift; sourceTree = "<group>"; };
		845739312BF11EB000CBF842 /* HomeViewModel.swift */ = {isa = PBXFileReference; lastKnownFileType = sourcecode.swift; path = HomeViewModel.swift; sourceTree = "<group>"; };
		845739342BF127FE00CBF842 /* ApiClient.swift */ = {isa = PBXFileReference; lastKnownFileType = sourcecode.swift; path = ApiClient.swift; sourceTree = "<group>"; };
		845739362BF12D3D00CBF842 /* PokemonResponseDataModel.swift */ = {isa = PBXFileReference; lastKnownFileType = sourcecode.swift; path = PokemonResponseDataModel.swift; sourceTree = "<group>"; };
		8457393A2BF12E2100CBF842 /* Constansts.swift */ = {isa = PBXFileReference; lastKnownFileType = sourcecode.swift; path = Constansts.swift; sourceTree = "<group>"; };
		8457393C2BF1356E00CBF842 /* PokemonSelectedApi.swift */ = {isa = PBXFileReference; lastKnownFileType = sourcecode.swift; path = PokemonSelectedApi.swift; sourceTree = "<group>"; };
		8457393E2BF135BC00CBF842 /* PokemomSelectedModel.swift */ = {isa = PBXFileReference; lastKnownFileType = sourcecode.swift; path = PokemomSelectedModel.swift; sourceTree = "<group>"; };
		845C2F4F2BED5ED600F95416 /* PokemonApp.app */ = {isa = PBXFileReference; explicitFileType = wrapper.application; includeInIndex = 0; path = PokemonApp.app; sourceTree = BUILT_PRODUCTS_DIR; };
		845C2F522BED5ED600F95416 /* PokemonAppApp.swift */ = {isa = PBXFileReference; lastKnownFileType = sourcecode.swift; path = PokemonAppApp.swift; sourceTree = "<group>"; };
		845C2F542BED5ED600F95416 /* ContentView.swift */ = {isa = PBXFileReference; lastKnownFileType = sourcecode.swift; path = ContentView.swift; sourceTree = "<group>"; };
		845C2F562BED5ED700F95416 /* Assets.xcassets */ = {isa = PBXFileReference; lastKnownFileType = folder.assetcatalog; path = Assets.xcassets; sourceTree = "<group>"; };
		845C2F592BED5ED700F95416 /* Preview Assets.xcassets */ = {isa = PBXFileReference; lastKnownFileType = folder.assetcatalog; path = "Preview Assets.xcassets"; sourceTree = "<group>"; };
		84B1EE1A2BF6A7B2001A07F8 /* PokemonDetailView.swift */ = {isa = PBXFileReference; lastKnownFileType = sourcecode.swift; path = PokemonDetailView.swift; sourceTree = "<group>"; };
		84CD4DAE2BF53B4500312044 /* PokemonCardView.swift */ = {isa = PBXFileReference; lastKnownFileType = sourcecode.swift; path = PokemonCardView.swift; sourceTree = "<group>"; };
		84CD4DB02BF54A3800312044 /* PokemonCardViewModel.swift */ = {isa = PBXFileReference; lastKnownFileType = sourcecode.swift; path = PokemonCardViewModel.swift; sourceTree = "<group>"; };
/* End PBXFileReference section */

/* Begin PBXFrameworksBuildPhase section */
		845C2F4C2BED5ED600F95416 /* Frameworks */ = {
			isa = PBXFrameworksBuildPhase;
			buildActionMask = 2147483647;
			files = (
			);
			runOnlyForDeploymentPostprocessing = 0;
		};
/* End PBXFrameworksBuildPhase section */

/* Begin PBXGroup section */
		845739332BF11EB500CBF842 /* ViewModel */ = {
			isa = PBXGroup;
			children = (
				845739312BF11EB000CBF842 /* HomeViewModel.swift */,
				84CD4DB02BF54A3800312044 /* PokemonCardViewModel.swift */,
				842F65682BF9338200F0091A /* PokemonDetailViewModel.swift */,
			);
			path = ViewModel;
			sourceTree = "<group>";
		};
		845739382BF12D4200CBF842 /* Model */ = {
			isa = PBXGroup;
			children = (
				845739362BF12D3D00CBF842 /* PokemonResponseDataModel.swift */,
				8457393E2BF135BC00CBF842 /* PokemomSelectedModel.swift */,
				842F656A2BF9345600F0091A /* PokemonDetailDataModel.swift */,
			);
			path = Model;
			sourceTree = "<group>";
		};
		845739392BF12E0E00CBF842 /* Resource */ = {
			isa = PBXGroup;
			children = (
				845739342BF127FE00CBF842 /* ApiClient.swift */,
				8457393A2BF12E2100CBF842 /* Constansts.swift */,
				8457393C2BF1356E00CBF842 /* PokemonSelectedApi.swift */,
				842F65662BF92F0700F0091A /* Router.swift */,
				842F656C2BF9348B00F0091A /* JSONAny.swift */,
				842F656E2BF9364900F0091A /* JSONCodingKey.swift */,
				842F65702BF936A500F0091A /* PokemonDetailApi.swift */,
				842F65742BF9469500F0091A /* Extensions.swift */,
			);
			path = Resource;
			sourceTree = "<group>";
		};
		845C2F462BED5ED600F95416 = {
			isa = PBXGroup;
			children = (
				845C2F512BED5ED600F95416 /* PokemonApp */,
				845C2F502BED5ED600F95416 /* Products */,
			);
			sourceTree = "<group>";
		};
		845C2F502BED5ED600F95416 /* Products */ = {
			isa = PBXGroup;
			children = (
				845C2F4F2BED5ED600F95416 /* PokemonApp.app */,
			);
			name = Products;
			sourceTree = "<group>";
		};
		845C2F512BED5ED600F95416 /* PokemonApp */ = {
			isa = PBXGroup;
			children = (
				84CD4DAD2BF53B2F00312044 /* View */,
				845739392BF12E0E00CBF842 /* Resource */,
				845739382BF12D4200CBF842 /* Model */,
				845739332BF11EB500CBF842 /* ViewModel */,
				845C2F522BED5ED600F95416 /* PokemonAppApp.swift */,
				845C2F542BED5ED600F95416 /* ContentView.swift */,
				845C2F562BED5ED700F95416 /* Assets.xcassets */,
				845C2F582BED5ED700F95416 /* Preview Content */,
			);
			path = PokemonApp;
			sourceTree = "<group>";
		};
		845C2F582BED5ED700F95416 /* Preview Content */ = {
			isa = PBXGroup;
			children = (
				845C2F592BED5ED700F95416 /* Preview Assets.xcassets */,
			);
			path = "Preview Content";
			sourceTree = "<group>";
		};
		84CD4DAD2BF53B2F00312044 /* View */ = {
			isa = PBXGroup;
			children = (
				84CD4DAE2BF53B4500312044 /* PokemonCardView.swift */,
				84B1EE1A2BF6A7B2001A07F8 /* PokemonDetailView.swift */,
				842F65722BF93C7400F0091A /* PokemonStatView.swift */,
			);
			path = View;
			sourceTree = "<group>";
		};
/* End PBXGroup section */

/* Begin PBXNativeTarget section */
		845C2F4E2BED5ED600F95416 /* PokemonApp */ = {
			isa = PBXNativeTarget;
			buildConfigurationList = 845C2F5D2BED5ED700F95416 /* Build configuration list for PBXNativeTarget "PokemonApp" */;
			buildPhases = (
				845C2F4B2BED5ED600F95416 /* Sources */,
				845C2F4C2BED5ED600F95416 /* Frameworks */,
				845C2F4D2BED5ED600F95416 /* Resources */,
			);
			buildRules = (
			);
			dependencies = (
			);
			name = PokemonApp;
			productName = PokemonApp;
			productReference = 845C2F4F2BED5ED600F95416 /* PokemonApp.app */;
			productType = "com.apple.product-type.application";
		};
/* End PBXNativeTarget section */

/* Begin PBXProject section */
		845C2F472BED5ED600F95416 /* Project object */ = {
			isa = PBXProject;
			attributes = {
				BuildIndependentTargetsInParallel = 1;
				LastSwiftUpdateCheck = 1500;
				LastUpgradeCheck = 1500;
				TargetAttributes = {
					845C2F4E2BED5ED600F95416 = {
						CreatedOnToolsVersion = 15.0.1;
					};
				};
			};
			buildConfigurationList = 845C2F4A2BED5ED600F95416 /* Build configuration list for PBXProject "PokemonApp" */;
			compatibilityVersion = "Xcode 14.0";
			developmentRegion = en;
			hasScannedForEncodings = 0;
			knownRegions = (
				en,
				Base,
			);
			mainGroup = 845C2F462BED5ED600F95416;
			productRefGroup = 845C2F502BED5ED600F95416 /* Products */;
			projectDirPath = "";
			projectRoot = "";
			targets = (
				845C2F4E2BED5ED600F95416 /* PokemonApp */,
			);
		};
/* End PBXProject section */

/* Begin PBXResourcesBuildPhase section */
		845C2F4D2BED5ED600F95416 /* Resources */ = {
			isa = PBXResourcesBuildPhase;
			buildActionMask = 2147483647;
			files = (
				845C2F5A2BED5ED700F95416 /* Preview Assets.xcassets in Resources */,
				845C2F572BED5ED700F95416 /* Assets.xcassets in Resources */,
			);
			runOnlyForDeploymentPostprocessing = 0;
		};
/* End PBXResourcesBuildPhase section */

/* Begin PBXSourcesBuildPhase section */
		845C2F4B2BED5ED600F95416 /* Sources */ = {
			isa = PBXSourcesBuildPhase;
			buildActionMask = 2147483647;
			files = (
				8457393D2BF1356E00CBF842 /* PokemonSelectedApi.swift in Sources */,
				845C2F552BED5ED600F95416 /* ContentView.swift in Sources */,
				84CD4DB12BF54A3800312044 /* PokemonCardViewModel.swift in Sources */,
				842F656D2BF9348B00F0091A /* JSONAny.swift in Sources */,
				842F65732BF93C7400F0091A /* PokemonStatView.swift in Sources */,
				845739322BF11EB000CBF842 /* HomeViewModel.swift in Sources */,
				842F656F2BF9364900F0091A /* JSONCodingKey.swift in Sources */,
				842F65752BF9469500F0091A /* Extensions.swift in Sources */,
				842F65712BF936A500F0091A /* PokemonDetailApi.swift in Sources */,
				842F656B2BF9345600F0091A /* PokemonDetailDataModel.swift in Sources */,
				842F65672BF92F0700F0091A /* Router.swift in Sources */,
				845C2F532BED5ED600F95416 /* PokemonAppApp.swift in Sources */,
				84B1EE1B2BF6A7B2001A07F8 /* PokemonDetailView.swift in Sources */,
				845739372BF12D3D00CBF842 /* PokemonResponseDataModel.swift in Sources */,
				84CD4DAF2BF53B4500312044 /* PokemonCardView.swift in Sources */,
				845739352BF127FE00CBF842 /* ApiClient.swift in Sources */,
				842F65692BF9338200F0091A /* PokemonDetailViewModel.swift in Sources */,
				8457393B2BF12E2100CBF842 /* Constansts.swift in Sources */,
				8457393F2BF135BC00CBF842 /* PokemomSelectedModel.swift in Sources */,
			);
			runOnlyForDeploymentPostprocessing = 0;
		};
/* End PBXSourcesBuildPhase section */

/* Begin XCBuildConfiguration section */
		845C2F5B2BED5ED700F95416 /* Debug */ = {
			isa = XCBuildConfiguration;
			buildSettings = {
				ALWAYS_SEARCH_USER_PATHS = NO;
				ASSETCATALOG_COMPILER_GENERATE_SWIFT_ASSET_SYMBOL_EXTENSIONS = YES;
				CLANG_ANALYZER_NONNULL = YES;
				CLANG_ANALYZER_NUMBER_OBJECT_CONVERSION = YES_AGGRESSIVE;
				CLANG_CXX_LANGUAGE_STANDARD = "gnu++20";
				CLANG_ENABLE_MODULES = YES;
				CLANG_ENABLE_OBJC_ARC = YES;
				CLANG_ENABLE_OBJC_WEAK = YES;
				CLANG_WARN_BLOCK_CAPTURE_AUTORELEASING = YES;
				CLANG_WARN_BOOL_CONVERSION = YES;
				CLANG_WARN_COMMA = YES;
				CLANG_WARN_CONSTANT_CONVERSION = YES;
				CLANG_WARN_DEPRECATED_OBJC_IMPLEMENTATIONS = YES;
				CLANG_WARN_DIRECT_OBJC_ISA_USAGE = YES_ERROR;
				CLANG_WARN_DOCUMENTATION_COMMENTS = YES;
				CLANG_WARN_EMPTY_BODY = YES;
				CLANG_WARN_ENUM_CONVERSION = YES;
				CLANG_WARN_INFINITE_RECURSION = YES;
				CLANG_WARN_INT_CONVERSION = YES;
				CLANG_WARN_NON_LITERAL_NULL_CONVERSION = YES;
				CLANG_WARN_OBJC_IMPLICIT_RETAIN_SELF = YES;
				CLANG_WARN_OBJC_LITERAL_CONVERSION = YES;
				CLANG_WARN_OBJC_ROOT_CLASS = YES_ERROR;
				CLANG_WARN_QUOTED_INCLUDE_IN_FRAMEWORK_HEADER = YES;
				CLANG_WARN_RANGE_LOOP_ANALYSIS = YES;
				CLANG_WARN_STRICT_PROTOTYPES = YES;
				CLANG_WARN_SUSPICIOUS_MOVE = YES;
				CLANG_WARN_UNGUARDED_AVAILABILITY = YES_AGGRESSIVE;
				CLANG_WARN_UNREACHABLE_CODE = YES;
				CLANG_WARN__DUPLICATE_METHOD_MATCH = YES;
				COPY_PHASE_STRIP = NO;
				DEBUG_INFORMATION_FORMAT = dwarf;
				ENABLE_STRICT_OBJC_MSGSEND = YES;
				ENABLE_TESTABILITY = YES;
				ENABLE_USER_SCRIPT_SANDBOXING = YES;
				GCC_C_LANGUAGE_STANDARD = gnu17;
				GCC_DYNAMIC_NO_PIC = NO;
				GCC_NO_COMMON_BLOCKS = YES;
				GCC_OPTIMIZATION_LEVEL = 0;
				GCC_PREPROCESSOR_DEFINITIONS = (
					"DEBUG=1",
					"$(inherited)",
				);
				GCC_WARN_64_TO_32_BIT_CONVERSION = YES;
				GCC_WARN_ABOUT_RETURN_TYPE = YES_ERROR;
				GCC_WARN_UNDECLARED_SELECTOR = YES;
				GCC_WARN_UNINITIALIZED_AUTOS = YES_AGGRESSIVE;
				GCC_WARN_UNUSED_FUNCTION = YES;
				GCC_WARN_UNUSED_VARIABLE = YES;
				IPHONEOS_DEPLOYMENT_TARGET = 17.0;
				LOCALIZATION_PREFERS_STRING_CATALOGS = YES;
				MTL_ENABLE_DEBUG_INFO = INCLUDE_SOURCE;
				MTL_FAST_MATH = YES;
				ONLY_ACTIVE_ARCH = YES;
				SDKROOT = iphoneos;
				SWIFT_ACTIVE_COMPILATION_CONDITIONS = "DEBUG $(inherited)";
				SWIFT_OPTIMIZATION_LEVEL = "-Onone";
			};
			name = Debug;
		};
		845C2F5C2BED5ED700F95416 /* Release */ = {
			isa = XCBuildConfiguration;
			buildSettings = {
				ALWAYS_SEARCH_USER_PATHS = NO;
				ASSETCATALOG_COMPILER_GENERATE_SWIFT_ASSET_SYMBOL_EXTENSIONS = YES;
				CLANG_ANALYZER_NONNULL = YES;
				CLANG_ANALYZER_NUMBER_OBJECT_CONVERSION = YES_AGGRESSIVE;
				CLANG_CXX_LANGUAGE_STANDARD = "gnu++20";
				CLANG_ENABLE_MODULES = YES;
				CLANG_ENABLE_OBJC_ARC = YES;
				CLANG_ENABLE_OBJC_WEAK = YES;
				CLANG_WARN_BLOCK_CAPTURE_AUTORELEASING = YES;
				CLANG_WARN_BOOL_CONVERSION = YES;
				CLANG_WARN_COMMA = YES;
				CLANG_WARN_CONSTANT_CONVERSION = YES;
				CLANG_WARN_DEPRECATED_OBJC_IMPLEMENTATIONS = YES;
				CLANG_WARN_DIRECT_OBJC_ISA_USAGE = YES_ERROR;
				CLANG_WARN_DOCUMENTATION_COMMENTS = YES;
				CLANG_WARN_EMPTY_BODY = YES;
				CLANG_WARN_ENUM_CONVERSION = YES;
				CLANG_WARN_INFINITE_RECURSION = YES;
				CLANG_WARN_INT_CONVERSION = YES;
				CLANG_WARN_NON_LITERAL_NULL_CONVERSION = YES;
				CLANG_WARN_OBJC_IMPLICIT_RETAIN_SELF = YES;
				CLANG_WARN_OBJC_LITERAL_CONVERSION = YES;
				CLANG_WARN_OBJC_ROOT_CLASS = YES_ERROR;
				CLANG_WARN_QUOTED_INCLUDE_IN_FRAMEWORK_HEADER = YES;
				CLANG_WARN_RANGE_LOOP_ANALYSIS = YES;
				CLANG_WARN_STRICT_PROTOTYPES = YES;
				CLANG_WARN_SUSPICIOUS_MOVE = YES;
				CLANG_WARN_UNGUARDED_AVAILABILITY = YES_AGGRESSIVE;
				CLANG_WARN_UNREACHABLE_CODE = YES;
				CLANG_WARN__DUPLICATE_METHOD_MATCH = YES;
				COPY_PHASE_STRIP = NO;
				DEBUG_INFORMATION_FORMAT = "dwarf-with-dsym";
				ENABLE_NS_ASSERTIONS = NO;
				ENABLE_STRICT_OBJC_MSGSEND = YES;
				ENABLE_USER_SCRIPT_SANDBOXING = YES;
				GCC_C_LANGUAGE_STANDARD = gnu17;
				GCC_NO_COMMON_BLOCKS = YES;
				GCC_WARN_64_TO_32_BIT_CONVERSION = YES;
				GCC_WARN_ABOUT_RETURN_TYPE = YES_ERROR;
				GCC_WARN_UNDECLARED_SELECTOR = YES;
				GCC_WARN_UNINITIALIZED_AUTOS = YES_AGGRESSIVE;
				GCC_WARN_UNUSED_FUNCTION = YES;
				GCC_WARN_UNUSED_VARIABLE = YES;
				IPHONEOS_DEPLOYMENT_TARGET = 17.0;
				LOCALIZATION_PREFERS_STRING_CATALOGS = YES;
				MTL_ENABLE_DEBUG_INFO = NO;
				MTL_FAST_MATH = YES;
				SDKROOT = iphoneos;
				SWIFT_COMPILATION_MODE = wholemodule;
				VALIDATE_PRODUCT = YES;
			};
			name = Release;
		};
		845C2F5E2BED5ED700F95416 /* Debug */ = {
			isa = XCBuildConfiguration;
			buildSettings = {
				ASSETCATALOG_COMPILER_APPICON_NAME = AppIcon;
				ASSETCATALOG_COMPILER_GLOBAL_ACCENT_COLOR_NAME = AccentColor;
				CODE_SIGN_STYLE = Automatic;
				CURRENT_PROJECT_VERSION = 1;
				DEVELOPMENT_ASSET_PATHS = "\"PokemonApp/Preview Content\"";
				DEVELOPMENT_TEAM = AB95K5R2N4;
				ENABLE_PREVIEWS = YES;
				GENERATE_INFOPLIST_FILE = YES;
				INFOPLIST_KEY_UIApplicationSceneManifest_Generation = YES;
				INFOPLIST_KEY_UIApplicationSupportsIndirectInputEvents = YES;
				INFOPLIST_KEY_UILaunchScreen_Generation = YES;
				INFOPLIST_KEY_UISupportedInterfaceOrientations_iPad = "UIInterfaceOrientationPortrait UIInterfaceOrientationPortraitUpsideDown UIInterfaceOrientationLandscapeLeft UIInterfaceOrientationLandscapeRight";
				INFOPLIST_KEY_UISupportedInterfaceOrientations_iPhone = "UIInterfaceOrientationPortrait UIInterfaceOrientationLandscapeLeft UIInterfaceOrientationLandscapeRight";
				LD_RUNPATH_SEARCH_PATHS = (
					"$(inherited)",
					"@executable_path/Frameworks",
				);
				MARKETING_VERSION = 1.0;
				PRODUCT_BUNDLE_IDENTIFIER = co.victorsheepman.PokemonApp;
				PRODUCT_NAME = "$(TARGET_NAME)";
				SWIFT_EMIT_LOC_STRINGS = YES;
				SWIFT_VERSION = 5.0;
				TARGETED_DEVICE_FAMILY = "1,2";
			};
			name = Debug;
		};
		845C2F5F2BED5ED700F95416 /* Release */ = {
			isa = XCBuildConfiguration;
			buildSettings = {
				ASSETCATALOG_COMPILER_APPICON_NAME = AppIcon;
				ASSETCATALOG_COMPILER_GLOBAL_ACCENT_COLOR_NAME = AccentColor;
				CODE_SIGN_STYLE = Automatic;
				CURRENT_PROJECT_VERSION = 1;
				DEVELOPMENT_ASSET_PATHS = "\"PokemonApp/Preview Content\"";
				DEVELOPMENT_TEAM = AB95K5R2N4;
				ENABLE_PREVIEWS = YES;
				GENERATE_INFOPLIST_FILE = YES;
				INFOPLIST_KEY_UIApplicationSceneManifest_Generation = YES;
				INFOPLIST_KEY_UIApplicationSupportsIndirectInputEvents = YES;
				INFOPLIST_KEY_UILaunchScreen_Generation = YES;
				INFOPLIST_KEY_UISupportedInterfaceOrientations_iPad = "UIInterfaceOrientationPortrait UIInterfaceOrientationPortraitUpsideDown UIInterfaceOrientationLandscapeLeft UIInterfaceOrientationLandscapeRight";
				INFOPLIST_KEY_UISupportedInterfaceOrientations_iPhone = "UIInterfaceOrientationPortrait UIInterfaceOrientationLandscapeLeft UIInterfaceOrientationLandscapeRight";
				LD_RUNPATH_SEARCH_PATHS = (
					"$(inherited)",
					"@executable_path/Frameworks",
				);
				MARKETING_VERSION = 1.0;
				PRODUCT_BUNDLE_IDENTIFIER = co.victorsheepman.PokemonApp;
				PRODUCT_NAME = "$(TARGET_NAME)";
				SWIFT_EMIT_LOC_STRINGS = YES;
				SWIFT_VERSION = 5.0;
				TARGETED_DEVICE_FAMILY = "1,2";
			};
			name = Release;
		};
/* End XCBuildConfiguration section */

/* Begin XCConfigurationList section */
		845C2F4A2BED5ED600F95416 /* Build configuration list for PBXProject "PokemonApp" */ = {
			isa = XCConfigurationList;
			buildConfigurations = (
				845C2F5B2BED5ED700F95416 /* Debug */,
				845C2F5C2BED5ED700F95416 /* Release */,
			);
			defaultConfigurationIsVisible = 0;
			defaultConfigurationName = Release;
		};
		845C2F5D2BED5ED700F95416 /* Build configuration list for PBXNativeTarget "PokemonApp" */ = {
			isa = XCConfigurationList;
			buildConfigurations = (
				845C2F5E2BED5ED700F95416 /* Debug */,
				845C2F5F2BED5ED700F95416 /* Release */,
			);
			defaultConfigurationIsVisible = 0;
			defaultConfigurationName = Release;
		};
/* End XCConfigurationList section */
	};
	rootObject = 845C2F472BED5ED600F95416 /* Project object */;
}
